
Microsoft Visual Studio Solution File, Format Version 12.00
# Visual Studio Version 16
VisualStudioVersion = 16.0.37507.1
MinimumVisualStudioVersion = 10.0.40219.1
Project("{FAE04EC0-301F-11D3-BF4B-00C04F79EFBC}") = "PatientFeedbackSystem", "PatientFeedbackSystem\PatientFeedbackSystem.csproj", "{7117E220-A467-4B35-BCB4-38AFA6195B4C}"
EndProject
Global
	GlobalSection(SolutionConfigurationPlatforms) = preSolution
		Debug|Any CPU = Debug|Any CPU
		Release|Any CPU = Release|Any CPU
	EndGlobalSection
	GlobalSection(ProjectConfigurationPlatforms) = postSolution
		{7117E220-A467-4B35-BCB4-38AFA6195B4C}.Debug|Any CPU.ActiveCfg = Debug|Any CPU
		{7117E220-A467-4B35-BCB4-38AFA6195B4C}.Debug|Any CPU.Build.0 = Debug|Any CPU
		{7117E220-A467-4B35-BCB4-38AFA6195B4C}.Release|Any CPU.ActiveCfg = Release|Any CPU
		{7117E220-A467-4B35-BCB4-38AFA6195B4C}.Release|Any CPU.Build.0 = Release|Any CPU
	EndGlobalSection
	GlobalSection(SolutionProperties) = preSolution
		HideSolutionNode = FALSE
	EndGlobalSection
	GlobalSection(ExtensibilityGlobals) = postSolution
		SolutionGuid = {D450A2F2-7558-47A9-933B-974E2C458AE0}
	EndGlobalSection
EndGlobal
